// !$*UTF8*$!
{
	archiveVersion = 1;
	classes = {
	};
	objectVersion = 46;
	objects = {

/* Begin PBXBuildFile section */
		3F5B48861BD6ADE3008928C8 /* AppDelegate.swift in Sources */ = {isa = PBXBuildFile; fileRef = 3F5B48851BD6ADE3008928C8 /* AppDelegate.swift */; };
		3F5B48881BD6ADE3008928C8 /* ViewController.swift in Sources */ = {isa = PBXBuildFile; fileRef = 3F5B48871BD6ADE3008928C8 /* ViewController.swift */; };
		3F5B488B1BD6ADE3008928C8 /* Main.storyboard in Resources */ = {isa = PBXBuildFile; fileRef = 3F5B48891BD6ADE3008928C8 /* Main.storyboard */; };
		3F5B488D1BD6ADE3008928C8 /* Assets.xcassets in Resources */ = {isa = PBXBuildFile; fileRef = 3F5B488C1BD6ADE3008928C8 /* Assets.xcassets */; };
		3F5B48901BD6ADE3008928C8 /* LaunchScreen.storyboard in Resources */ = {isa = PBXBuildFile; fileRef = 3F5B488E1BD6ADE3008928C8 /* LaunchScreen.storyboard */; };
		3F5B489B1BD6ADE4008928C8 /* WordPlayAppTests.swift in Sources */ = {isa = PBXBuildFile; fileRef = 3F5B489A1BD6ADE4008928C8 /* WordPlayAppTests.swift */; };
		3F5B48A61BD6ADE4008928C8 /* WordPlayAppUITests.swift in Sources */ = {isa = PBXBuildFile; fileRef = 3F5B48A51BD6ADE4008928C8 /* WordPlayAppUITests.swift */; };
/* End PBXBuildFile section */

/* Begin PBXContainerItemProxy section */
		3F5B48971BD6ADE4008928C8 /* PBXContainerItemProxy */ = {
			isa = PBXContainerItemProxy;
			containerPortal = 3F5B487A1BD6ADE3008928C8 /* Project object */;
			proxyType = 1;
			remoteGlobalIDString = 3F5B48811BD6ADE3008928C8;
			remoteInfo = WordPlayApp;
		};
		3F5B48A21BD6ADE4008928C8 /* PBXContainerItemProxy */ = {
			isa = PBXContainerItemProxy;
			containerPortal = 3F5B487A1BD6ADE3008928C8 /* Project object */;
			proxyType = 1;
			remoteGlobalIDString = 3F5B48811BD6ADE3008928C8;
			remoteInfo = WordPlayApp;
		};
/* End PBXContainerItemProxy section */

/* Begin PBXFileReference section */
		3F5B48821BD6ADE3008928C8 /* WordPlayApp.app */ = {isa = PBXFileReference; explicitFileType = wrapper.application; includeInIndex = 0; path = WordPlayApp.app; sourceTree = BUILT_PRODUCTS_DIR; };
		3F5B48851BD6ADE3008928C8 /* AppDelegate.swift */ = {isa = PBXFileReference; lastKnownFileType = sourcecode.swift; path = AppDelegate.swift; sourceTree = "<group>"; };
		3F5B48871BD6ADE3008928C8 /* ViewController.swift */ = {isa = PBXFileReference; lastKnownFileType = sourcecode.swift; path = ViewController.swift; sourceTree = "<group>"; };
		3F5B488A1BD6ADE3008928C8 /* Base */ = {isa = PBXFileReference; lastKnownFileType = file.storyboard; name = Base; path = Base.lproj/Main.storyboard; sourceTree = "<group>"; };
		3F5B488C1BD6ADE3008928C8 /* Assets.xcassets */ = {isa = PBXFileReference; lastKnownFileType = folder.assetcatalog; path = Assets.xcassets; sourceTree = "<group>"; };
		3F5B488F1BD6ADE3008928C8 /* Base */ = {isa = PBXFileReference; lastKnownFileType = file.storyboard; name = Base; path = Base.lproj/LaunchScreen.storyboard; sourceTree = "<group>"; };
		3F5B48911BD6ADE3008928C8 /* Info.plist */ = {isa = PBXFileReference; lastKnownFileType = text.plist.xml; path = Info.plist; sourceTree = "<group>"; };
		3F5B48961BD6ADE4008928C8 /* WordPlayAppTests.xctest */ = {isa = PBXFileReference; explicitFileType = wrapper.cfbundle; includeInIndex = 0; path = WordPlayAppTests.xctest; sourceTree = BUILT_PRODUCTS_DIR; };
		3F5B489A1BD6ADE4008928C8 /* WordPlayAppTests.swift */ = {isa = PBXFileReference; lastKnownFileType = sourcecode.swift; path = WordPlayAppTests.swift; sourceTree = "<group>"; };
		3F5B489C1BD6ADE4008928C8 /* Info.plist */ = {isa = PBXFileReference; lastKnownFileType = text.plist.xml; path = Info.plist; sourceTree = "<group>"; };
		3F5B48A11BD6ADE4008928C8 /* WordPlayAppUITests.xctest */ = {isa = PBXFileReference; explicitFileType = wrapper.cfbundle; includeInIndex = 0; path = WordPlayAppUITests.xctest; sourceTree = BUILT_PRODUCTS_DIR; };
		3F5B48A51BD6ADE4008928C8 /* WordPlayAppUITests.swift */ = {isa = PBXFileReference; lastKnownFileType = sourcecode.swift; path = WordPlayAppUITests.swift; sourceTree = "<group>"; };
		3F5B48A71BD6ADE4008928C8 /* Info.plist */ = {isa = PBXFileReference; lastKnownFileType = text.plist.xml; path = Info.plist; sourceTree = "<group>"; };
/* End PBXFileReference section */

/* Begin PBXFrameworksBuildPhase section */
		3F5B487F1BD6ADE3008928C8 /* Frameworks */ = {
			isa = PBXFrameworksBuildPhase;
			buildActionMask = 2147483647;
			files = (
			);
			runOnlyForDeploymentPostprocessing = 0;
		};
		3F5B48931BD6ADE4008928C8 /* Frameworks */ = {
			isa = PBXFrameworksBuildPhase;
			buildActionMask = 2147483647;
			files = (
			);
			runOnlyForDeploymentPostprocessing = 0;
		};
		3F5B489E1BD6ADE4008928C8 /* Frameworks */ = {
			isa = PBXFrameworksBuildPhase;
			buildActionMask = 2147483647;
			files = (
			);
			runOnlyForDeploymentPostprocessing = 0;
		};
/* End PBXFrameworksBuildPhase section */

/* Begin PBXGroup section */
		3F5B48791BD6ADE3008928C8 = {
			isa = PBXGroup;
			children = (
				3F5B48841BD6ADE3008928C8 /* WordPlayApp */,
				3F5B48991BD6ADE4008928C8 /* WordPlayAppTests */,
				3F5B48A41BD6ADE4008928C8 /* WordPlayAppUITests */,
				3F5B48831BD6ADE3008928C8 /* Products */,
			);
			sourceTree = "<group>";
		};
		3F5B48831BD6ADE3008928C8 /* Products */ = {
			isa = PBXGroup;
			children = (
				3F5B48821BD6ADE3008928C8 /* WordPlayApp.app */,
				3F5B48961BD6ADE4008928C8 /* WordPlayAppTests.xctest */,
				3F5B48A11BD6ADE4008928C8 /* WordPlayAppUITests.xctest */,
			);
			name = Products;
			sourceTree = "<group>";
		};
		3F5B48841BD6ADE3008928C8 /* WordPlayApp */ = {
			isa = PBXGroup;
			children = (
				3F5B48851BD6ADE3008928C8 /* AppDelegate.swift */,
				3F5B48871BD6ADE3008928C8 /* ViewController.swift */,
				3F5B48891BD6ADE3008928C8 /* Main.storyboard */,
				3F5B488C1BD6ADE3008928C8 /* Assets.xcassets */,
				3F5B488E1BD6ADE3008928C8 /* LaunchScreen.storyboard */,
				3F5B48911BD6ADE3008928C8 /* Info.plist */,
			);
			path = WordPlayApp;
			sourceTree = "<group>";
		};
		3F5B48991BD6ADE4008928C8 /* WordPlayAppTests */ = {
			isa = PBXGroup;
			children = (
				3F5B489A1BD6ADE4008928C8 /* WordPlayAppTests.swift */,
				3F5B489C1BD6ADE4008928C8 /* Info.plist */,
			);
			path = WordPlayAppTests;
			sourceTree = "<group>";
		};
		3F5B48A41BD6ADE4008928C8 /* WordPlayAppUITests */ = {
			isa = PBXGroup;
			children = (
				3F5B48A51BD6ADE4008928C8 /* WordPlayAppUITests.swift */,
				3F5B48A71BD6ADE4008928C8 /* Info.plist */,
			);
			path = WordPlayAppUITests;
			sourceTree = "<group>";
		};
/* End PBXGroup section */

/* Begin PBXNativeTarget section */
		3F5B48811BD6ADE3008928C8 /* WordPlayApp */ = {
			isa = PBXNativeTarget;
			buildConfigurationList = 3F5B48AA1BD6ADE4008928C8 /* Build configuration list for PBXNativeTarget "WordPlayApp" */;
			buildPhases = (
				3F5B487E1BD6ADE3008928C8 /* Sources */,
				3F5B487F1BD6ADE3008928C8 /* Frameworks */,
				3F5B48801BD6ADE3008928C8 /* Resources */,
			);
			buildRules = (
			);
			dependencies = (
			);
			name = WordPlayApp;
			productName = WordPlayApp;
			productReference = 3F5B48821BD6ADE3008928C8 /* WordPlayApp.app */;
			productType = "com.apple.product-type.application";
		};
		3F5B48951BD6ADE4008928C8 /* WordPlayAppTests */ = {
			isa = PBXNativeTarget;
			buildConfigurationList = 3F5B48AD1BD6ADE4008928C8 /* Build configuration list for PBXNativeTarget "WordPlayAppTests" */;
			buildPhases = (
				3F5B48921BD6ADE4008928C8 /* Sources */,
				3F5B48931BD6ADE4008928C8 /* Frameworks */,
				3F5B48941BD6ADE4008928C8 /* Resources */,
			);
			buildRules = (
			);
			dependencies = (
				3F5B48981BD6ADE4008928C8 /* PBXTargetDependency */,
			);
			name = WordPlayAppTests;
			productName = WordPlayAppTests;
			productReference = 3F5B48961BD6ADE4008928C8 /* WordPlayAppTests.xctest */;
			productType = "com.apple.product-type.bundle.unit-test";
		};
		3F5B48A01BD6ADE4008928C8 /* WordPlayAppUITests */ = {
			isa = PBXNativeTarget;
			buildConfigurationList = 3F5B48B01BD6ADE4008928C8 /* Build configuration list for PBXNativeTarget "WordPlayAppUITests" */;
			buildPhases = (
				3F5B489D1BD6ADE4008928C8 /* Sources */,
				3F5B489E1BD6ADE4008928C8 /* Frameworks */,
				3F5B489F1BD6ADE4008928C8 /* Resources */,
			);
			buildRules = (
			);
			dependencies = (
				3F5B48A31BD6ADE4008928C8 /* PBXTargetDependency */,
			);
			name = WordPlayAppUITests;
			productName = WordPlayAppUITests;
			productReference = 3F5B48A11BD6ADE4008928C8 /* WordPlayAppUITests.xctest */;
			productType = "com.apple.product-type.bundle.ui-testing";
		};
/* End PBXNativeTarget section */

/* Begin PBXProject section */
		3F5B487A1BD6ADE3008928C8 /* Project object */ = {
			isa = PBXProject;
			attributes = {
				LastUpgradeCheck = 0700;
				ORGANIZATIONNAME = Student;
				TargetAttributes = {
					3F5B48811BD6ADE3008928C8 = {
						CreatedOnToolsVersion = 7.0.1;
						DevelopmentTeam = 87L6T26E9H;
					};
					3F5B48951BD6ADE4008928C8 = {
						CreatedOnToolsVersion = 7.0.1;
						DevelopmentTeam = 87L6T26E9H;
						TestTargetID = 3F5B48811BD6ADE3008928C8;
					};
					3F5B48A01BD6ADE4008928C8 = {
						CreatedOnToolsVersion = 7.0.1;
						DevelopmentTeam = 87L6T26E9H;
						TestTargetID = 3F5B48811BD6ADE3008928C8;
					};
				};
			};
			buildConfigurationList = 3F5B487D1BD6ADE3008928C8 /* Build configuration list for PBXProject "WordPlayApp" */;
			compatibilityVersion = "Xcode 3.2";
			developmentRegion = English;
			hasScannedForEncodings = 0;
			knownRegions = (
				en,
				Base,
			);
			mainGroup = 3F5B48791BD6ADE3008928C8;
			productRefGroup = 3F5B48831BD6ADE3008928C8 /* Products */;
			projectDirPath = "";
			projectRoot = "";
			targets = (
				3F5B48811BD6ADE3008928C8 /* WordPlayApp */,
				3F5B48951BD6ADE4008928C8 /* WordPlayAppTests */,
				3F5B48A01BD6ADE4008928C8 /* WordPlayAppUITests */,
			);
		};
/* End PBXProject section */

/* Begin PBXResourcesBuildPhase section */
		3F5B48801BD6ADE3008928C8 /* Resources */ = {
			isa = PBXResourcesBuildPhase;
			buildActionMask = 2147483647;
			files = (
				3F5B48901BD6ADE3008928C8 /* LaunchScreen.storyboard in Resources */,
				3F5B488D1BD6ADE3008928C8 /* Assets.xcassets in Resources */,
				3F5B488B1BD6ADE3008928C8 /* Main.storyboard in Resources */,
			);
			runOnlyForDeploymentPostprocessing = 0;
		};
		3F5B48941BD6ADE4008928C8 /* Resources */ = {
			isa = PBXResourcesBuildPhase;
			buildActionMask = 2147483647;
			files = (
			);
			runOnlyForDeploymentPostprocessing = 0;
		};
		3F5B489F1BD6ADE4008928C8 /* Resources */ = {
			isa = PBXResourcesBuildPhase;
			buildActionMask = 2147483647;
			files = (
			);
			runOnlyForDeploymentPostprocessing = 0;
		};
/* End PBXResourcesBuildPhase section */

/* Begin PBXSourcesBuildPhase section */
		3F5B487E1BD6ADE3008928C8 /* Sources */ = {
			isa = PBXSourcesBuildPhase;
			buildActionMask = 2147483647;
			files = (
				3F5B48881BD6ADE3008928C8 /* ViewController.swift in Sources */,
				3F5B48861BD6ADE3008928C8 /* AppDelegate.swift in Sources */,
			);
			runOnlyForDeploymentPostprocessing = 0;
		};
		3F5B48921BD6ADE4008928C8 /* Sources */ = {
			isa = PBXSourcesBuildPhase;
			buildActionMask = 2147483647;
			files = (
				3F5B489B1BD6ADE4008928C8 /* WordPlayAppTests.swift in Sources */,
			);
			runOnlyForDeploymentPostprocessing = 0;
		};
		3F5B489D1BD6ADE4008928C8 /* Sources */ = {
			isa = PBXSourcesBuildPhase;
			buildActionMask = 2147483647;
			files = (
				3F5B48A61BD6ADE4008928C8 /* WordPlayAppUITests.swift in Sources */,
			);
			runOnlyForDeploymentPostprocessing = 0;
		};
/* End PBXSourcesBuildPhase section */

/* Begin PBXTargetDependency section */
		3F5B48981BD6ADE4008928C8 /* PBXTargetDependency */ = {
			isa = PBXTargetDependency;
			target = 3F5B48811BD6ADE3008928C8 /* WordPlayApp */;
			targetProxy = 3F5B48971BD6ADE4008928C8 /* PBXContainerItemProxy */;
		};
		3F5B48A31BD6ADE4008928C8 /* PBXTargetDependency */ = {
			isa = PBXTargetDependency;
			target = 3F5B48811BD6ADE3008928C8 /* WordPlayApp */;
			targetProxy = 3F5B48A21BD6ADE4008928C8 /* PBXContainerItemProxy */;
		};
/* End PBXTargetDependency section */

/* Begin PBXVariantGroup section */
		3F5B48891BD6ADE3008928C8 /* Main.storyboard */ = {
			isa = PBXVariantGroup;
			children = (
				3F5B488A1BD6ADE3008928C8 /* Base */,
			);
			name = Main.storyboard;
			sourceTree = "<group>";
		};
		3F5B488E1BD6ADE3008928C8 /* LaunchScreen.storyboard */ = {
			isa = PBXVariantGroup;
			children = (
				3F5B488F1BD6ADE3008928C8 /* Base */,
			);
			name = LaunchScreen.storyboard;
			sourceTree = "<group>";
		};
/* End PBXVariantGroup section */

/* Begin XCBuildConfiguration section */
		3F5B48A81BD6ADE4008928C8 /* Debug */ = {
			isa = XCBuildConfiguration;
			buildSettings = {
				ALWAYS_SEARCH_USER_PATHS = NO;
				CLANG_CXX_LANGUAGE_STANDARD = "gnu++0x";
				CLANG_CXX_LIBRARY = "libc++";
				CLANG_ENABLE_MODULES = YES;
				CLANG_ENABLE_OBJC_ARC = YES;
				CLANG_WARN_BOOL_CONVERSION = YES;
				CLANG_WARN_CONSTANT_CONVERSION = YES;
				CLANG_WARN_DIRECT_OBJC_ISA_USAGE = YES_ERROR;
				CLANG_WARN_EMPTY_BODY = YES;
				CLANG_WARN_ENUM_CONVERSION = YES;
				CLANG_WARN_INT_CONVERSION = YES;
				CLANG_WARN_OBJC_ROOT_CLASS = YES_ERROR;
				CLANG_WARN_UNREACHABLE_CODE = YES;
				CLANG_WARN__DUPLICATE_METHOD_MATCH = YES;
				"CODE_SIGN_IDENTITY[sdk=iphoneos*]" = "iPhone Developer";
				COPY_PHASE_STRIP = NO;
				DEBUG_INFORMATION_FORMAT = dwarf;
				ENABLE_STRICT_OBJC_MSGSEND = YES;
				ENABLE_TESTABILITY = YES;
				GCC_C_LANGUAGE_STANDARD = gnu99;
				GCC_DYNAMIC_NO_PIC = NO;
				GCC_NO_COMMON_BLOCKS = YES;
				GCC_OPTIMIZATION_LEVEL = 0;
				GCC_PREPROCESSOR_DEFINITIONS = (
					"DEBUG=1",
					"$(inherited)",
				);
				GCC_WARN_64_TO_32_BIT_CONVERSION = YES;
				GCC_WARN_ABOUT_RETURN_TYPE = YES_ERROR;
				GCC_WARN_UNDECLARED_SELECTOR = YES;
				GCC_WARN_UNINITIALIZED_AUTOS = YES_AGGRESSIVE;
				GCC_WARN_UNUSED_FUNCTION = YES;
				GCC_WARN_UNUSED_VARIABLE = YES;
				IPHONEOS_DEPLOYMENT_TARGET = 9.0;
				MTL_ENABLE_DEBUG_INFO = YES;
				ONLY_ACTIVE_ARCH = YES;
				SDKROOT = iphoneos;
				SWIFT_OPTIMIZATION_LEVEL = "-Onone";
				TARGETED_DEVICE_FAMILY = "1,2";
			};
			name = Debug;
		};
		3F5B48A91BD6ADE4008928C8 /* Release */ = {
			isa = XCBuildConfiguration;
			buildSettings = {
				ALWAYS_SEARCH_USER_PATHS = NO;
				CLANG_CXX_LANGUAGE_STANDARD = "gnu++0x";
				CLANG_CXX_LIBRARY = "libc++";
				CLANG_ENABLE_MODULES = YES;
				CLANG_ENABLE_OBJC_ARC = YES;
				CLANG_WARN_BOOL_CONVERSION = YES;
				CLANG_WARN_CONSTANT_CONVERSION = YES;
				CLANG_WARN_DIRECT_OBJC_ISA_USAGE = YES_ERROR;
				CLANG_WARN_EMPTY_BODY = YES;
				CLANG_WARN_ENUM_CONVERSION = YES;
				CLANG_WARN_INT_CONVERSION = YES;
				CLANG_WARN_OBJC_ROOT_CLASS = YES_ERROR;
				CLANG_WARN_UNREACHABLE_CODE = YES;
				CLANG_WARN__DUPLICATE_METHOD_MATCH = YES;
				"CODE_SIGN_IDENTITY[sdk=iphoneos*]" = "iPhone Developer";
				COPY_PHASE_STRIP = NO;
				DEBUG_INFORMATION_FORMAT = "dwarf-with-dsym";
				ENABLE_NS_ASSERTIONS = NO;
				ENABLE_STRICT_OBJC_MSGSEND = YES;
				GCC_C_LANGUAGE_STANDARD = gnu99;
				GCC_NO_COMMON_BLOCKS = YES;
				GCC_WARN_64_TO_32_BIT_CONVERSION = YES;
				GCC_WARN_ABOUT_RETURN_TYPE = YES_ERROR;
				GCC_WARN_UNDECLARED_SELECTOR = YES;
				GCC_WARN_UNINITIALIZED_AUTOS = YES_AGGRESSIVE;
				GCC_WARN_UNUSED_FUNCTION = YES;
				GCC_WARN_UNUSED_VARIABLE = YES;
				IPHONEOS_DEPLOYMENT_TARGET = 9.0;
				MTL_ENABLE_DEBUG_INFO = NO;
				SDKROOT = iphoneos;
				TARGETED_DEVICE_FAMILY = "1,2";
				VALIDATE_PRODUCT = YES;
			};
			name = Release;
		};
		3F5B48AB1BD6ADE4008928C8 /* Debug */ = {
			isa = XCBuildConfiguration;
			buildSettings = {
				ASSETCATALOG_COMPILER_APPICON_NAME = AppIcon;
				INFOPLIST_FILE = WordPlayApp/Info.plist;
				LD_RUNPATH_SEARCH_PATHS = "$(inherited) @executable_path/Frameworks";
				PRODUCT_BUNDLE_IDENTIFIER = "Dank-Meme-Co.WordPlayApp";
				PRODUCT_NAME = "$(TARGET_NAME)";
			};
			name = Debug;
		};
		3F5B48AC1BD6ADE4008928C8 /* Release */ = {
			isa = XCBuildConfiguration;
			buildSettings = {
				ASSETCATALOG_COMPILER_APPICON_NAME = AppIcon;
				INFOPLIST_FILE = WordPlayApp/Info.plist;
				LD_RUNPATH_SEARCH_PATHS = "$(inherited) @executable_path/Frameworks";
				PRODUCT_BUNDLE_IDENTIFIER = "Dank-Meme-Co.WordPlayApp";
				PRODUCT_NAME = "$(TARGET_NAME)";
			};
			name = Release;
		};
		3F5B48AE1BD6ADE4008928C8 /* Debug */ = {
			isa = XCBuildConfiguration;
			buildSettings = {
				BUNDLE_LOADER = "$(TEST_HOST)";
				INFOPLIST_FILE = WordPlayAppTests/Info.plist;
				LD_RUNPATH_SEARCH_PATHS = "$(inherited) @executable_path/Frameworks @loader_path/Frameworks";
				PRODUCT_BUNDLE_IDENTIFIER = "Dank-Meme-Co.WordPlayAppTests";
				PRODUCT_NAME = "$(TARGET_NAME)";
				TEST_HOST = "$(BUILT_PRODUCTS_DIR)/WordPlayApp.app/WordPlayApp";
			};
			name = Debug;
		};
		3F5B48AF1BD6ADE4008928C8 /* Release */ = {
			isa = XCBuildConfiguration;
			buildSettings = {
				BUNDLE_LOADER = "$(TEST_HOST)";
				INFOPLIST_FILE = WordPlayAppTests/Info.plist;
				LD_RUNPATH_SEARCH_PATHS = "$(inherited) @executable_path/Frameworks @loader_path/Frameworks";
				PRODUCT_BUNDLE_IDENTIFIER = "Dank-Meme-Co.WordPlayAppTests";
				PRODUCT_NAME = "$(TARGET_NAME)";
				TEST_HOST = "$(BUILT_PRODUCTS_DIR)/WordPlayApp.app/WordPlayApp";
			};
			name = Release;
		};
		3F5B48B11BD6ADE4008928C8 /* Debug */ = {
			isa = XCBuildConfiguration;
			buildSettings = {
				INFOPLIST_FILE = WordPlayAppUITests/Info.plist;
				LD_RUNPATH_SEARCH_PATHS = "$(inherited) @executable_path/Frameworks @loader_path/Frameworks";
				PRODUCT_BUNDLE_IDENTIFIER = "Dank-Meme-Co.WordPlayAppUITests";
				PRODUCT_NAME = "$(TARGET_NAME)";
				TEST_TARGET_NAME = WordPlayApp;
				USES_XCTRUNNER = YES;
			};
			name = Debug;
		};
		3F5B48B21BD6ADE4008928C8 /* Release */ = {
			isa = XCBuildConfiguration;
			buildSettings = {
				INFOPLIST_FILE = WordPlayAppUITests/Info.plist;
				LD_RUNPATH_SEARCH_PATHS = "$(inherited) @executable_path/Frameworks @loader_path/Frameworks";
				PRODUCT_BUNDLE_IDENTIFIER = "Dank-Meme-Co.WordPlayAppUITests";
				PRODUCT_NAME = "$(TARGET_NAME)";
				TEST_TARGET_NAME = WordPlayApp;
				USES_XCTRUNNER = YES;
			};
			name = Release;
		};
/* End XCBuildConfiguration section */

/* Begin XCConfigurationList section */
		3F5B487D1BD6ADE3008928C8 /* Build configuration list for PBXProject "WordPlayApp" */ = {
			isa = XCConfigurationList;
			buildConfigurations = (
				3F5B48A81BD6ADE4008928C8 /* Debug */,
				3F5B48A91BD6ADE4008928C8 /* Release */,
			);
			defaultConfigurationIsVisible = 0;
			defaultConfigurationName = Release;
		};
		3F5B48AA1BD6ADE4008928C8 /* Build configuration list for PBXNativeTarget "WordPlayApp" */ = {
			isa = XCConfigurationList;
			buildConfigurations = (
				3F5B48AB1BD6ADE4008928C8 /* Debug */,
				3F5B48AC1BD6ADE4008928C8 /* Release */,
			);
			defaultConfigurationIsVisible = 0;
		};
		3F5B48AD1BD6ADE4008928C8 /* Build configuration list for PBXNativeTarget "WordPlayAppTests" */ = {
			isa = XCConfigurationList;
			buildConfigurations = (
				3F5B48AE1BD6ADE4008928C8 /* Debug */,
				3F5B48AF1BD6ADE4008928C8 /* Release */,
			);
			defaultConfigurationIsVisible = 0;
		};
		3F5B48B01BD6ADE4008928C8 /* Build configuration list for PBXNativeTarget "WordPlayAppUITests" */ = {
			isa = XCConfigurationList;
			buildConfigurations = (
				3F5B48B11BD6ADE4008928C8 /* Debug */,
				3F5B48B21BD6ADE4008928C8 /* Release */,
			);
			defaultConfigurationIsVisible = 0;
		};
/* End XCConfigurationList section */
	};
	rootObject = 3F5B487A1BD6ADE3008928C8 /* Project object */;
}
